
Microsoft Visual Studio Solution File, Format Version 12.00
# Visual Studio 15
VisualStudioVersion = 15.0.27004.2009
MinimumVisualStudioVersion = 10.0.40219.1
Project("{FAE04EC0-301F-11D3-BF4B-00C04F79EFBC}") = "Backup", "src\Backup\Backup.csproj", "{14F6DFFF-2AA9-49D8-AF24-3408FBF64BBF}"
EndProject
Project("{E53339B2-1760-4266-BCC7-CA923CBCF16C}") = "docker-compose", "src\Backup.DockerCompose\docker-compose.dcproj", "{29038977-9B30-44C5-AC87-6C9EEBC1D603}"
EndProject
Global
	GlobalSection(SolutionConfigurationPlatforms) = preSolution
		Debug|Any CPU = Debug|Any CPU
		Release|Any CPU = Release|Any CPU
	EndGlobalSection
	GlobalSection(ProjectConfigurationPlatforms) = postSolution
		{14F6DFFF-2AA9-49D8-AF24-3408FBF64BBF}.Debug|Any CPU.ActiveCfg = Debug|Any CPU
		{14F6DFFF-2AA9-49D8-AF24-3408FBF64BBF}.Debug|Any CPU.Build.0 = Debug|Any CPU
		{14F6DFFF-2AA9-49D8-AF24-3408FBF64BBF}.Release|Any CPU.ActiveCfg = Release|Any CPU
		{14F6DFFF-2AA9-49D8-AF24-3408FBF64BBF}.Release|Any CPU.Build.0 = Release|Any CPU
		{29038977-9B30-44C5-AC87-6C9EEBC1D603}.Debug|Any CPU.ActiveCfg = Debug|Any CPU
		{29038977-9B30-44C5-AC87-6C9EEBC1D603}.Debug|Any CPU.Build.0 = Debug|Any CPU
		{29038977-9B30-44C5-AC87-6C9EEBC1D603}.Release|Any CPU.ActiveCfg = Release|Any CPU
		{29038977-9B30-44C5-AC87-6C9EEBC1D603}.Release|Any CPU.Build.0 = Release|Any CPU
	EndGlobalSection
	GlobalSection(SolutionProperties) = preSolution
		HideSolutionNode = FALSE
	EndGlobalSection
	GlobalSection(ExtensibilityGlobals) = postSolution
		SolutionGuid = {B5FF8972-0823-47A5-BE1C-0143D51F61FC}
	EndGlobalSection
EndGlobal
